{
    "hash": "7c9f4a4ab4d23adbdb1b85340f08dce0",
    "packages": [
        {
            "name": "illuminate/support",
            "version": "dev-master",
            "target-dir": "Illuminate/Support",
            "source": {
                "type": "git",
                "url": "http://github.com/illuminate/support",
                "reference": "5caf15fab229a52f3d864bbfe8c5150e5764a56b"
            },
            "dist": {
                "type": "zip",
                "url": "https://github.com/illuminate/support/archive/5caf15fab229a52f3d864bbfe8c5150e5764a56b.zip",
                "reference": "5caf15fab229a52f3d864bbfe8c5150e5764a56b",
                "shasum": ""
            },
            "require": {
                "php": ">=5.3.0"
            },
            "time": "2013-01-11 17:19:12",
            "type": "library",
            "extra": {
                "branch-alias": {
                    "dev-master": "4.0-dev"
                }
            },
            "installation-source": "source",
            "autoload": {
                "psr-0": {
                    "Illuminate\\Support": ""
                },
                "files": [
                    "Illuminate/Support/helpers.php"
                ]
            },
            "notification-url": "https://packagist.org/downloads/",
            "authors": [
                {
                    "name": "Taylor Otwell",
                    "email": "taylorotwell@gmail.com"
                }
            ],
            "description": "Various utilities and support functions."
        }
    ],
    "packages-dev": [
        {
            "name": "mockery/mockery",
            "version": "0.7.2",
            "source": {
                "type": "git",
                "url": "git://github.com/padraic/mockery.git",
                "reference": "0.7.2"
            },
            "dist": {
                "type": "zip",
                "url": "https://github.com/padraic/mockery/zipball/0.7.2",
                "reference": "0.7.2",
                "shasum": ""
            },
            "require": {
                "php": ">=5.3.2"
            },
            "suggest": {
                "Hamcrest": "1.0.0"
            },
            "time": "2012-01-24 12:22:39",
            "type": "library",
            "installation-source": "dist",
            "autoload": {
                "psr-0": {
                    "Mockery": "library/"
                }
            },
            "notification-url": "https://packagist.org/downloads/",
            "license": [
                "New BSD"
            ],
            "authors": [
                {
                    "name": "Pádraic Brady",
                    "email": "padraic.brady@gmail.com",
                    "homepage": "http://blog.astrumfutura.com"
                }
            ],
            "description": "Mockery is a simple yet flexible PHP mock object framework for use in unit testing with PHPUnit, PHPSpec or any other testing framework. Its core goal is to offer a test double framework with a succint API capable of clearly defining all possible object operations and interactions using a human readable Domain Specific Language (DSL). Designed as a drop in alternative to PHPUnit's phpunit-mock-objects library, Mockery is easy to integrate with PHPUnit and can operate alongside phpunit-mock-objects without the World ending.",
            "homepage": "http://github.com/padraic/mockery",
            "keywords": [
                "testing",
                "library",
                "BDD",
                "TDD",
                "test",
                "mockery",
                "mock",
                "stub",
                "test double",
                "mock objects"
            ]
        }
    ],
    "aliases": [

    ],
    "minimum-stability": "dev",
    "stability-flags": [

    ]
}
